
Microsoft Visual Studio Solution File, Format Version 12.00
# Visual Studio Version 16
VisualStudioVersion = 16.0.29728.190
MinimumVisualStudioVersion = 10.0.40219.1
Project("{9A19103F-16F7-4668-BE54-9A1E7A4F7556}") = "JsonConfigNativeApi", "JsonConfigNativeApi\JsonConfigNativeApi.csproj", "{D71A7B95-1B3A-451D-8669-AE4554AC7763}"
EndProject
Project("{2150E333-8FDC-42A3-9474-1A3956D46DE8}") = "Solution Items", "Solution Items", "{BB25F2E4-4B20-46EC-940B-3813A0C35BFB}"
	ProjectSection(SolutionItems) = preProject
		README.md = README.md
	EndProjectSection
EndProject
Project("{9A19103F-16F7-4668-BE54-9A1E7A4F7556}") = "FluentConfigNativeApi", "FluentConfigNativeApi\FluentConfigNativeApi.csproj", "{38788B1A-8C8B-45E6-8C75-B2F520008DD5}"
EndProject
Project("{9A19103F-16F7-4668-BE54-9A1E7A4F7556}") = "CoreLib", "CoreLib\CoreLib.csproj", "{F9B323CC-5537-40C5-8DED-7AC514FE09AE}"
EndProject
Project("{FAE04EC0-301F-11D3-BF4B-00C04F79EFBC}") = "NlogApi", "NlogApi\NlogApi.csproj", "{BDC79D1F-1032-4D80-9CDC-DD4021CE20A3}"
EndProject
Global
	GlobalSection(SolutionConfigurationPlatforms) = preSolution
		Debug|Any CPU = Debug|Any CPU
		Release|Any CPU = Release|Any CPU
	EndGlobalSection
	GlobalSection(ProjectConfigurationPlatforms) = postSolution
		{D71A7B95-1B3A-451D-8669-AE4554AC7763}.Debug|Any CPU.ActiveCfg = Debug|Any CPU
		{D71A7B95-1B3A-451D-8669-AE4554AC7763}.Debug|Any CPU.Build.0 = Debug|Any CPU
		{D71A7B95-1B3A-451D-8669-AE4554AC7763}.Release|Any CPU.ActiveCfg = Release|Any CPU
		{D71A7B95-1B3A-451D-8669-AE4554AC7763}.Release|Any CPU.Build.0 = Release|Any CPU
		{38788B1A-8C8B-45E6-8C75-B2F520008DD5}.Debug|Any CPU.ActiveCfg = Debug|Any CPU
		{38788B1A-8C8B-45E6-8C75-B2F520008DD5}.Debug|Any CPU.Build.0 = Debug|Any CPU
		{38788B1A-8C8B-45E6-8C75-B2F520008DD5}.Release|Any CPU.ActiveCfg = Release|Any CPU
		{38788B1A-8C8B-45E6-8C75-B2F520008DD5}.Release|Any CPU.Build.0 = Release|Any CPU
		{F9B323CC-5537-40C5-8DED-7AC514FE09AE}.Debug|Any CPU.ActiveCfg = Debug|Any CPU
		{F9B323CC-5537-40C5-8DED-7AC514FE09AE}.Debug|Any CPU.Build.0 = Debug|Any CPU
		{F9B323CC-5537-40C5-8DED-7AC514FE09AE}.Release|Any CPU.ActiveCfg = Release|Any CPU
		{F9B323CC-5537-40C5-8DED-7AC514FE09AE}.Release|Any CPU.Build.0 = Release|Any CPU
		{BDC79D1F-1032-4D80-9CDC-DD4021CE20A3}.Debug|Any CPU.ActiveCfg = Debug|Any CPU
		{BDC79D1F-1032-4D80-9CDC-DD4021CE20A3}.Debug|Any CPU.Build.0 = Debug|Any CPU
		{BDC79D1F-1032-4D80-9CDC-DD4021CE20A3}.Release|Any CPU.ActiveCfg = Release|Any CPU
		{BDC79D1F-1032-4D80-9CDC-DD4021CE20A3}.Release|Any CPU.Build.0 = Release|Any CPU
	EndGlobalSection
	GlobalSection(SolutionProperties) = preSolution
		HideSolutionNode = FALSE
	EndGlobalSection
	GlobalSection(ExtensibilityGlobals) = postSolution
		SolutionGuid = {F97ADF3B-B042-4D93-ACE9-92E604404BAF}
	EndGlobalSection
EndGlobal
